// !$*UTF8*$!
{
	archiveVersion = 1;
	classes = {
	};
	objectVersion = 77;
	objects = {

/* Begin PBXContainerItemProxy section */
		CA1CA5542DA1B73A00FDC172 /* PBXContainerItemProxy */ = {
			isa = PBXContainerItemProxy;
			containerPortal = CA1CA53D2DA1B73800FDC172 /* Project object */;
			proxyType = 1;
			remoteGlobalIDString = CA1CA5442DA1B73800FDC172;
			remoteInfo = MafiaParty;
		};
		CA1CA55E2DA1B73A00FDC172 /* PBXContainerItemProxy */ = {
			isa = PBXContainerItemProxy;
			containerPortal = CA1CA53D2DA1B73800FDC172 /* Project object */;
			proxyType = 1;
			remoteGlobalIDString = CA1CA5442DA1B73800FDC172;
			remoteInfo = MafiaParty;
		};
		CA92E5CE2F4A6A860010C8BF /* PBXContainerItemProxy */ = {
			isa = PBXContainerItemProxy;
			containerPortal = CA1CA53D2DA1B73800FDC172 /* Project object */;
			proxyType = 1;
			remoteGlobalIDString = CA92E5BC2F4A6A840010C8BF;
			remoteInfo = MafiaPartyiOS;
		};
		CA92E5D82F4A6A860010C8BF /* PBXContainerItemProxy */ = {
			isa = PBXContainerItemProxy;
			containerPortal = CA1CA53D2DA1B73800FDC172 /* Project object */;
			proxyType = 1;
			remoteGlobalIDString = CA92E5BC2F4A6A840010C8BF;
			remoteInfo = MafiaPartyiOS;
		};
/* End PBXContainerItemProxy section */

/* Begin PBXFileReference section */
		CA1CA5452DA1B73800FDC172 /* MafiaParty.app */ = {isa = PBXFileReference; explicitFileType = wrapper.application; includeInIndex = 0; path = MafiaParty.app; sourceTree = BUILT_PRODUCTS_DIR; };
		CA1CA5532DA1B73A00FDC172 /* MafiaPartyTests.xctest */ = {isa = PBXFileReference; explicitFileType = wrapper.cfbundle; includeInIndex = 0; path = MafiaPartyTests.xctest; sourceTree = BUILT_PRODUCTS_DIR; };
		CA1CA55D2DA1B73A00FDC172 /* MafiaPartyUITests.xctest */ = {isa = PBXFileReference; explicitFileType = wrapper.cfbundle; includeInIndex = 0; path = MafiaPartyUITests.xctest; sourceTree = BUILT_PRODUCTS_DIR; };
		CA92E5BD2F4A6A840010C8BF /* MafiaPartyiOS.app */ = {isa = PBXFileReference; explicitFileType = wrapper.application; includeInIndex = 0; path = MafiaPartyiOS.app; sourceTree = BUILT_PRODUCTS_DIR; };
		CA92E5CD2F4A6A860010C8BF /* MafiaPartyiOSTests.xctest */ = {isa = PBXFileReference; explicitFileType = wrapper.cfbundle; includeInIndex = 0; path = MafiaPartyiOSTests.xctest; sourceTree = BUILT_PRODUCTS_DIR; };
		CA92E5D72F4A6A860010C8BF /* MafiaPartyiOSUITests.xctest */ = {isa = PBXFileReference; explicitFileType = wrapper.cfbundle; includeInIndex = 0; path = MafiaPartyiOSUITests.xctest; sourceTree = BUILT_PRODUCTS_DIR; };
/* End PBXFileReference section */

/* Begin PBXFileSystemSynchronizedRootGroup section */
		CA1CA5472DA1B73800FDC172 /* DemoMafia */ = {
			isa = PBXFileSystemSynchronizedRootGroup;
			path = DemoMafia;
			sourceTree = "<group>";
		};
		CA1CA5562DA1B73A00FDC172 /* DemoMafiaTests */ = {
			isa = PBXFileSystemSynchronizedRootGroup;
			path = DemoMafiaTests;
			sourceTree = "<group>";
		};
		CA1CA5602DA1B73A00FDC172 /* DemoMafiaUITests */ = {
			isa = PBXFileSystemSynchronizedRootGroup;
			path = DemoMafiaUITests;
			sourceTree = "<group>";
		};
		CA92E5BE2F4A6A840010C8BF /* DemoMafia */ = {
			isa = PBXFileSystemSynchronizedRootGroup;
			path = DemoMafia;
			sourceTree = "<group>";
		};
		CA92E5D02F4A6A860010C8BF /* Archive/LegacyTarget-ConnersMafiaIOS/Conners Mafia IOSTests */ = {
			isa = PBXFileSystemSynchronizedRootGroup;
			path = "Archive/LegacyTarget-ConnersMafiaIOS/Conners Mafia IOSTests";
			sourceTree = "<group>";
		};
		CA92E5DA2F4A6A860010C8BF /* Archive/LegacyTarget-ConnersMafiaIOS/Conners Mafia IOSUITests */ = {
			isa = PBXFileSystemSynchronizedRootGroup;
			path = "Archive/LegacyTarget-ConnersMafiaIOS/Conners Mafia IOSUITests";
			sourceTree = "<group>";
		};
/* End PBXFileSystemSynchronizedRootGroup section */

/* Begin PBXFrameworksBuildPhase section */
		CA1CA5422DA1B73800FDC172 /* Frameworks */ = {
			isa = PBXFrameworksBuildPhase;
			buildActionMask = 2147483647;
			files = (
			);
			runOnlyForDeploymentPostprocessing = 0;
		};
		CA1CA5502DA1B73A00FDC172 /* Frameworks */ = {
			isa = PBXFrameworksBuildPhase;
			buildActionMask = 2147483647;
			files = (
			);
			runOnlyForDeploymentPostprocessing = 0;
		};
		CA1CA55A2DA1B73A00FDC172 /* Frameworks */ = {
			isa = PBXFrameworksBuildPhase;
			buildActionMask = 2147483647;
			files = (
			);
			runOnlyForDeploymentPostprocessing = 0;
		};
		CA92E5BA2F4A6A840010C8BF /* Frameworks */ = {
			isa = PBXFrameworksBuildPhase;
			buildActionMask = 2147483647;
			files = (
			);
			runOnlyForDeploymentPostprocessing = 0;
		};
		CA92E5CA2F4A6A860010C8BF /* Frameworks */ = {
			isa = PBXFrameworksBuildPhase;
			buildActionMask = 2147483647;
			files = (
			);
			runOnlyForDeploymentPostprocessing = 0;
		};
		CA92E5D42F4A6A860010C8BF /* Frameworks */ = {
			isa = PBXFrameworksBuildPhase;
			buildActionMask = 2147483647;
			files = (
			);
			runOnlyForDeploymentPostprocessing = 0;
		};
/* End PBXFrameworksBuildPhase section */

/* Begin PBXGroup section */
		CA1CA53C2DA1B73800FDC172 = {
			isa = PBXGroup;
			children = (
				CA1CA5472DA1B73800FDC172 /* DemoMafia */,
				CA1CA5562DA1B73A00FDC172 /* DemoMafiaTests */,
				CA1CA5602DA1B73A00FDC172 /* DemoMafiaUITests */,
				CA92E5BE2F4A6A840010C8BF /* DemoMafia */,
				CA92E5D02F4A6A860010C8BF /* Archive/LegacyTarget-ConnersMafiaIOS/Conners Mafia IOSTests */,
				CA92E5DA2F4A6A860010C8BF /* Archive/LegacyTarget-ConnersMafiaIOS/Conners Mafia IOSUITests */,
				CA1CA5462DA1B73800FDC172 /* Products */,
			);
			sourceTree = "<group>";
		};
		CA1CA5462DA1B73800FDC172 /* Products */ = {
			isa = PBXGroup;
			children = (
				CA1CA5452DA1B73800FDC172 /* MafiaParty.app */,
				CA1CA5532DA1B73A00FDC172 /* MafiaPartyTests.xctest */,
				CA1CA55D2DA1B73A00FDC172 /* MafiaPartyUITests.xctest */,
				CA92E5BD2F4A6A840010C8BF /* MafiaPartyiOS.app */,
				CA92E5CD2F4A6A860010C8BF /* MafiaPartyiOSTests.xctest */,
				CA92E5D72F4A6A860010C8BF /* MafiaPartyiOSUITests.xctest */,
			);
			name = Products;
			sourceTree = "<group>";
		};
/* End PBXGroup section */

/* Begin PBXNativeTarget section */
		CA1CA5442DA1B73800FDC172 /* MafiaParty */ = {
			isa = PBXNativeTarget;
			buildConfigurationList = CA1CA5672DA1B73A00FDC172 /* Build configuration list for PBXNativeTarget "DemoMafia" */;
			buildPhases = (
				CA1CA5412DA1B73800FDC172 /* Sources */,
				CA1CA5422DA1B73800FDC172 /* Frameworks */,
				CA1CA5432DA1B73800FDC172 /* Resources */,
			);
			buildRules = (
			);
			dependencies = (
			);
			fileSystemSynchronizedGroups = (
				CA1CA5472DA1B73800FDC172 /* DemoMafia */,
			);
			name = MafiaParty;
			packageProductDependencies = (
			);
			productName = MafiaParty;
			productReference = CA1CA5452DA1B73800FDC172 /* MafiaParty.app */;
			productType = "com.apple.product-type.application";
		};
		CA1CA5522DA1B73A00FDC172 /* MafiaPartyTests */ = {
			isa = PBXNativeTarget;
			buildConfigurationList = CA1CA56A2DA1B73A00FDC172 /* Build configuration list for PBXNativeTarget "DemoMafiaTests" */;
			buildPhases = (
				CA1CA54F2DA1B73A00FDC172 /* Sources */,
				CA1CA5502DA1B73A00FDC172 /* Frameworks */,
				CA1CA5512DA1B73A00FDC172 /* Resources */,
			);
			buildRules = (
			);
			dependencies = (
				CA1CA5552DA1B73A00FDC172 /* PBXTargetDependency */,
			);
			fileSystemSynchronizedGroups = (
				CA1CA5562DA1B73A00FDC172 /* DemoMafiaTests */,
			);
			name = MafiaPartyTests;
			packageProductDependencies = (
			);
			productName = MafiaPartyTests;
			productReference = CA1CA5532DA1B73A00FDC172 /* MafiaPartyTests.xctest */;
			productType = "com.apple.product-type.bundle.unit-test";
		};
		CA1CA55C2DA1B73A00FDC172 /* MafiaPartyUITests */ = {
			isa = PBXNativeTarget;
			buildConfigurationList = CA1CA56D2DA1B73A00FDC172 /* Build configuration list for PBXNativeTarget "DemoMafiaUITests" */;
			buildPhases = (
				CA1CA5592DA1B73A00FDC172 /* Sources */,
				CA1CA55A2DA1B73A00FDC172 /* Frameworks */,
				CA1CA55B2DA1B73A00FDC172 /* Resources */,
			);
			buildRules = (
			);
			dependencies = (
				CA1CA55F2DA1B73A00FDC172 /* PBXTargetDependency */,
			);
			fileSystemSynchronizedGroups = (
				CA1CA5602DA1B73A00FDC172 /* DemoMafiaUITests */,
			);
			name = MafiaPartyUITests;
			packageProductDependencies = (
			);
			productName = MafiaPartyUITests;
			productReference = CA1CA55D2DA1B73A00FDC172 /* MafiaPartyUITests.xctest */;
			productType = "com.apple.product-type.bundle.ui-testing";
		};
		CA92E5BC2F4A6A840010C8BF /* MafiaPartyiOS */ = {
			isa = PBXNativeTarget;
			buildConfigurationList = CA92E5E62F4A6A860010C8BF /* Build configuration list for PBXNativeTarget "Conners Mafia IOS" */;
			buildPhases = (
				CA92E5B92F4A6A840010C8BF /* Sources */,
				CA92E5BA2F4A6A840010C8BF /* Frameworks */,
				CA92E5BB2F4A6A840010C8BF /* Resources */,
			);
			buildRules = (
			);
			dependencies = (
			);
			fileSystemSynchronizedGroups = (
				CA92E5BE2F4A6A840010C8BF /* DemoMafia */,
			);
			name = MafiaPartyiOS;
			packageProductDependencies = (
			);
			productName = MafiaPartyiOS;
			productReference = CA92E5BD2F4A6A840010C8BF /* MafiaPartyiOS.app */;
			productType = "com.apple.product-type.application";
		};
		CA92E5CC2F4A6A860010C8BF /* MafiaPartyiOSTests */ = {
			isa = PBXNativeTarget;
			buildConfigurationList = CA92E5E72F4A6A860010C8BF /* Build configuration list for PBXNativeTarget "Conners Mafia IOSTests" */;
			buildPhases = (
				CA92E5C92F4A6A860010C8BF /* Sources */,
				CA92E5CA2F4A6A860010C8BF /* Frameworks */,
				CA92E5CB2F4A6A860010C8BF /* Resources */,
			);
			buildRules = (
			);
			dependencies = (
				CA92E5CF2F4A6A860010C8BF /* PBXTargetDependency */,
			);
			fileSystemSynchronizedGroups = (
				CA92E5D02F4A6A860010C8BF /* Archive/LegacyTarget-ConnersMafiaIOS/Conners Mafia IOSTests */,
			);
			name = MafiaPartyiOSTests;
			packageProductDependencies = (
			);
			productName = MafiaPartyiOSTests;
			productReference = CA92E5CD2F4A6A860010C8BF /* MafiaPartyiOSTests.xctest */;
			productType = "com.apple.product-type.bundle.unit-test";
		};
		CA92E5D62F4A6A860010C8BF /* MafiaPartyiOSUITests */ = {
			isa = PBXNativeTarget;
			buildConfigurationList = CA92E5E82F4A6A860010C8BF /* Build configuration list for PBXNativeTarget "Conners Mafia IOSUITests" */;
			buildPhases = (
				CA92E5D32F4A6A860010C8BF /* Sources */,
				CA92E5D42F4A6A860010C8BF /* Frameworks */,
				CA92E5D52F4A6A860010C8BF /* Resources */,
			);
			buildRules = (
			);
			dependencies = (
				CA92E5D92F4A6A860010C8BF /* PBXTargetDependency */,
			);
			fileSystemSynchronizedGroups = (
				CA92E5DA2F4A6A860010C8BF /* Archive/LegacyTarget-ConnersMafiaIOS/Conners Mafia IOSUITests */,
			);
			name = MafiaPartyiOSUITests;
			packageProductDependencies = (
			);
			productName = MafiaPartyiOSUITests;
			productReference = CA92E5D72F4A6A860010C8BF /* MafiaPartyiOSUITests.xctest */;
			productType = "com.apple.product-type.bundle.ui-testing";
		};
/* End PBXNativeTarget section */

/* Begin PBXProject section */
		CA1CA53D2DA1B73800FDC172 /* Project object */ = {
			isa = PBXProject;
			attributes = {
				BuildIndependentTargetsInParallel = 1;
				LastSwiftUpdateCheck = 2620;
				LastUpgradeCheck = 1630;
				TargetAttributes = {
					CA1CA5442DA1B73800FDC172 = {
						CreatedOnToolsVersion = 16.3;
					};
					CA1CA5522DA1B73A00FDC172 = {
						CreatedOnToolsVersion = 16.3;
						TestTargetID = CA1CA5442DA1B73800FDC172;
					};
					CA1CA55C2DA1B73A00FDC172 = {
						CreatedOnToolsVersion = 16.3;
						TestTargetID = CA1CA5442DA1B73800FDC172;
					};
					CA92E5BC2F4A6A840010C8BF = {
						CreatedOnToolsVersion = 26.2;
					};
					CA92E5CC2F4A6A860010C8BF = {
						CreatedOnToolsVersion = 26.2;
						TestTargetID = CA92E5BC2F4A6A840010C8BF;
					};
					CA92E5D62F4A6A860010C8BF = {
						CreatedOnToolsVersion = 26.2;
						TestTargetID = CA92E5BC2F4A6A840010C8BF;
					};
				};
			};
			buildConfigurationList = CA1CA5402DA1B73800FDC172 /* Build configuration list for PBXProject "DemoMafia" */;
			developmentRegion = en;
			hasScannedForEncodings = 0;
			knownRegions = (
				en,
				Base,
			);
			mainGroup = CA1CA53C2DA1B73800FDC172;
			minimizedProjectReferenceProxies = 1;
			preferredProjectObjectVersion = 77;
			productRefGroup = CA1CA5462DA1B73800FDC172 /* Products */;
			projectDirPath = "";
			projectRoot = "";
			targets = (
					CA1CA5442DA1B73800FDC172 /* MafiaParty */,
					CA1CA5522DA1B73A00FDC172 /* MafiaPartyTests */,
					CA1CA55C2DA1B73A00FDC172 /* MafiaPartyUITests */,
					CA92E5BC2F4A6A840010C8BF /* MafiaPartyiOS */,
					CA92E5CC2F4A6A860010C8BF /* MafiaPartyiOSTests */,
					CA92E5D62F4A6A860010C8BF /* MafiaPartyiOSUITests */,
			);
		};
/* End PBXProject section */

/* Begin PBXResourcesBuildPhase section */
		CA1CA5432DA1B73800FDC172 /* Resources */ = {
			isa = PBXResourcesBuildPhase;
			buildActionMask = 2147483647;
			files = (
			);
			runOnlyForDeploymentPostprocessing = 0;
		};
		CA1CA5512DA1B73A00FDC172 /* Resources */ = {
			isa = PBXResourcesBuildPhase;
			buildActionMask = 2147483647;
			files = (
			);
			runOnlyForDeploymentPostprocessing = 0;
		};
		CA1CA55B2DA1B73A00FDC172 /* Resources */ = {
			isa = PBXResourcesBuildPhase;
			buildActionMask = 2147483647;
			files = (
			);
			runOnlyForDeploymentPostprocessing = 0;
		};
		CA92E5BB2F4A6A840010C8BF /* Resources */ = {
			isa = PBXResourcesBuildPhase;
			buildActionMask = 2147483647;
			files = (
			);
			runOnlyForDeploymentPostprocessing = 0;
		};
		CA92E5CB2F4A6A860010C8BF /* Resources */ = {
			isa = PBXResourcesBuildPhase;
			buildActionMask = 2147483647;
			files = (
			);
			runOnlyForDeploymentPostprocessing = 0;
		};
		CA92E5D52F4A6A860010C8BF /* Resources */ = {
			isa = PBXResourcesBuildPhase;
			buildActionMask = 2147483647;
			files = (
			);
			runOnlyForDeploymentPostprocessing = 0;
		};
/* End PBXResourcesBuildPhase section */

/* Begin PBXSourcesBuildPhase section */
		CA1CA5412DA1B73800FDC172 /* Sources */ = {
			isa = PBXSourcesBuildPhase;
			buildActionMask = 2147483647;
			files = (
			);
			runOnlyForDeploymentPostprocessing = 0;
		};
		CA1CA54F2DA1B73A00FDC172 /* Sources */ = {
			isa = PBXSourcesBuildPhase;
			buildActionMask = 2147483647;
			files = (
			);
			runOnlyForDeploymentPostprocessing = 0;
		};
		CA1CA5592DA1B73A00FDC172 /* Sources */ = {
			isa = PBXSourcesBuildPhase;
			buildActionMask = 2147483647;
			files = (
			);
			runOnlyForDeploymentPostprocessing = 0;
		};
		CA92E5B92F4A6A840010C8BF /* Sources */ = {
			isa = PBXSourcesBuildPhase;
			buildActionMask = 2147483647;
			files = (
			);
			runOnlyForDeploymentPostprocessing = 0;
		};
		CA92E5C92F4A6A860010C8BF /* Sources */ = {
			isa = PBXSourcesBuildPhase;
			buildActionMask = 2147483647;
			files = (
			);
			runOnlyForDeploymentPostprocessing = 0;
		};
		CA92E5D32F4A6A860010C8BF /* Sources */ = {
			isa = PBXSourcesBuildPhase;
			buildActionMask = 2147483647;
			files = (
			);
			runOnlyForDeploymentPostprocessing = 0;
		};
/* End PBXSourcesBuildPhase section */

/* Begin PBXTargetDependency section */
		CA1CA5552DA1B73A00FDC172 /* PBXTargetDependency */ = {
			isa = PBXTargetDependency;
			target = CA1CA5442DA1B73800FDC172 /* MafiaParty */;
			targetProxy = CA1CA5542DA1B73A00FDC172 /* PBXContainerItemProxy */;
		};
		CA1CA55F2DA1B73A00FDC172 /* PBXTargetDependency */ = {
			isa = PBXTargetDependency;
			target = CA1CA5442DA1B73800FDC172 /* MafiaParty */;
			targetProxy = CA1CA55E2DA1B73A00FDC172 /* PBXContainerItemProxy */;
		};
		CA92E5CF2F4A6A860010C8BF /* PBXTargetDependency */ = {
			isa = PBXTargetDependency;
			target = CA92E5BC2F4A6A840010C8BF /* MafiaPartyiOS */;
			targetProxy = CA92E5CE2F4A6A860010C8BF /* PBXContainerItemProxy */;
		};
		CA92E5D92F4A6A860010C8BF /* PBXTargetDependency */ = {
			isa = PBXTargetDependency;
			target = CA92E5BC2F4A6A840010C8BF /* MafiaPartyiOS */;
			targetProxy = CA92E5D82F4A6A860010C8BF /* PBXContainerItemProxy */;
		};
/* End PBXTargetDependency section */

/* Begin XCBuildConfiguration section */
		CA1CA5652DA1B73A00FDC172 /* Debug */ = {
			isa = XCBuildConfiguration;
			buildSettings = {
				ALWAYS_SEARCH_USER_PATHS = NO;
				ASSETCATALOG_COMPILER_GENERATE_SWIFT_ASSET_SYMBOL_EXTENSIONS = YES;
				CLANG_ANALYZER_NONNULL = YES;
				CLANG_ANALYZER_NUMBER_OBJECT_CONVERSION = YES_AGGRESSIVE;
				CLANG_CXX_LANGUAGE_STANDARD = "gnu++20";
				CLANG_ENABLE_MODULES = YES;
				CLANG_ENABLE_OBJC_ARC = YES;
				CLANG_ENABLE_OBJC_WEAK = YES;
				CLANG_WARN_BLOCK_CAPTURE_AUTORELEASING = YES;
				CLANG_WARN_BOOL_CONVERSION = YES;
				CLANG_WARN_COMMA = YES;
				CLANG_WARN_CONSTANT_CONVERSION = YES;
				CLANG_WARN_DEPRECATED_OBJC_IMPLEMENTATIONS = YES;
				CLANG_WARN_DIRECT_OBJC_ISA_USAGE = YES_ERROR;
				CLANG_WARN_DOCUMENTATION_COMMENTS = YES;
				CLANG_WARN_EMPTY_BODY = YES;
				CLANG_WARN_ENUM_CONVERSION = YES;
				CLANG_WARN_INFINITE_RECURSION = YES;
				CLANG_WARN_INT_CONVERSION = YES;
				CLANG_WARN_NON_LITERAL_NULL_CONVERSION = YES;
				CLANG_WARN_OBJC_IMPLICIT_RETAIN_SELF = YES;
				CLANG_WARN_OBJC_LITERAL_CONVERSION = YES;
				CLANG_WARN_OBJC_ROOT_CLASS = YES_ERROR;
				CLANG_WARN_QUOTED_INCLUDE_IN_FRAMEWORK_HEADER = YES;
				CLANG_WARN_RANGE_LOOP_ANALYSIS = YES;
				CLANG_WARN_STRICT_PROTOTYPES = YES;
				CLANG_WARN_SUSPICIOUS_MOVE = YES;
				CLANG_WARN_UNGUARDED_AVAILABILITY = YES_AGGRESSIVE;
				CLANG_WARN_UNREACHABLE_CODE = YES;
				CLANG_WARN__DUPLICATE_METHOD_MATCH = YES;
				COPY_PHASE_STRIP = NO;
				DEBUG_INFORMATION_FORMAT = dwarf;
				DEVELOPMENT_TEAM = 83Z22V6XMU;
				ENABLE_STRICT_OBJC_MSGSEND = YES;
				ENABLE_TESTABILITY = YES;
				ENABLE_USER_SCRIPT_SANDBOXING = YES;
				GCC_C_LANGUAGE_STANDARD = gnu17;
				GCC_DYNAMIC_NO_PIC = NO;
				GCC_NO_COMMON_BLOCKS = YES;
				GCC_OPTIMIZATION_LEVEL = 0;
				GCC_PREPROCESSOR_DEFINITIONS = (
					"DEBUG=1",
					"$(inherited)",
				);
				GCC_WARN_64_TO_32_BIT_CONVERSION = YES;
				GCC_WARN_ABOUT_RETURN_TYPE = YES_ERROR;
				GCC_WARN_UNDECLARED_SELECTOR = YES;
				GCC_WARN_UNINITIALIZED_AUTOS = YES_AGGRESSIVE;
				GCC_WARN_UNUSED_FUNCTION = YES;
				GCC_WARN_UNUSED_VARIABLE = YES;
				LOCALIZATION_PREFERS_STRING_CATALOGS = YES;
				MACOSX_DEPLOYMENT_TARGET = 15.3;
				MTL_ENABLE_DEBUG_INFO = INCLUDE_SOURCE;
				MTL_FAST_MATH = YES;
				ONLY_ACTIVE_ARCH = YES;
				SDKROOT = macosx;
				SWIFT_ACTIVE_COMPILATION_CONDITIONS = "DEBUG $(inherited)";
				SWIFT_OPTIMIZATION_LEVEL = "-Onone";
			};
			name = Debug;
		};
		CA1CA5662DA1B73A00FDC172 /* Release */ = {
			isa = XCBuildConfiguration;
			buildSettings = {
				ALWAYS_SEARCH_USER_PATHS = NO;
				ASSETCATALOG_COMPILER_GENERATE_SWIFT_ASSET_SYMBOL_EXTENSIONS = YES;
				CLANG_ANALYZER_NONNULL = YES;
				CLANG_ANALYZER_NUMBER_OBJECT_CONVERSION = YES_AGGRESSIVE;
				CLANG_CXX_LANGUAGE_STANDARD = "gnu++20";
				CLANG_ENABLE_MODULES = YES;
				CLANG_ENABLE_OBJC_ARC = YES;
				CLANG_ENABLE_OBJC_WEAK = YES;
				CLANG_WARN_BLOCK_CAPTURE_AUTORELEASING = YES;
				CLANG_WARN_BOOL_CONVERSION = YES;
				CLANG_WARN_COMMA = YES;
				CLANG_WARN_CONSTANT_CONVERSION = YES;
				CLANG_WARN_DEPRECATED_OBJC_IMPLEMENTATIONS = YES;
				CLANG_WARN_DIRECT_OBJC_ISA_USAGE = YES_ERROR;
				CLANG_WARN_DOCUMENTATION_COMMENTS = YES;
				CLANG_WARN_EMPTY_BODY = YES;
				CLANG_WARN_ENUM_CONVERSION = YES;
				CLANG_WARN_INFINITE_RECURSION = YES;
				CLANG_WARN_INT_CONVERSION = YES;
				CLANG_WARN_NON_LITERAL_NULL_CONVERSION = YES;
				CLANG_WARN_OBJC_IMPLICIT_RETAIN_SELF = YES;
				CLANG_WARN_OBJC_LITERAL_CONVERSION = YES;
				CLANG_WARN_OBJC_ROOT_CLASS = YES_ERROR;
				CLANG_WARN_QUOTED_INCLUDE_IN_FRAMEWORK_HEADER = YES;
				CLANG_WARN_RANGE_LOOP_ANALYSIS = YES;
				CLANG_WARN_STRICT_PROTOTYPES = YES;
				CLANG_WARN_SUSPICIOUS_MOVE = YES;
				CLANG_WARN_UNGUARDED_AVAILABILITY = YES_AGGRESSIVE;
				CLANG_WARN_UNREACHABLE_CODE = YES;
				CLANG_WARN__DUPLICATE_METHOD_MATCH = YES;
				COPY_PHASE_STRIP = NO;
				DEBUG_INFORMATION_FORMAT = "dwarf-with-dsym";
				DEVELOPMENT_TEAM = 83Z22V6XMU;
				ENABLE_NS_ASSERTIONS = NO;
				ENABLE_STRICT_OBJC_MSGSEND = YES;
				ENABLE_USER_SCRIPT_SANDBOXING = YES;
				GCC_C_LANGUAGE_STANDARD = gnu17;
				GCC_NO_COMMON_BLOCKS = YES;
				GCC_WARN_64_TO_32_BIT_CONVERSION = YES;
				GCC_WARN_ABOUT_RETURN_TYPE = YES_ERROR;
				GCC_WARN_UNDECLARED_SELECTOR = YES;
				GCC_WARN_UNINITIALIZED_AUTOS = YES_AGGRESSIVE;
				GCC_WARN_UNUSED_FUNCTION = YES;
				GCC_WARN_UNUSED_VARIABLE = YES;
				LOCALIZATION_PREFERS_STRING_CATALOGS = YES;
				MACOSX_DEPLOYMENT_TARGET = 15.3;
				MTL_ENABLE_DEBUG_INFO = NO;
				MTL_FAST_MATH = YES;
				SDKROOT = macosx;
				SWIFT_COMPILATION_MODE = wholemodule;
			};
			name = Release;
		};
		CA1CA5682DA1B73A00FDC172 /* Debug */ = {
			isa = XCBuildConfiguration;
			buildSettings = {
				ASSETCATALOG_COMPILER_APPICON_NAME = AppIcon;
				ASSETCATALOG_COMPILER_GLOBAL_ACCENT_COLOR_NAME = AccentColor;
				CODE_SIGN_ENTITLEMENTS = DemoMafia/DemoMafia.entitlements;
				CODE_SIGN_STYLE = Automatic;
				COMBINE_HIDPI_IMAGES = YES;
				CURRENT_PROJECT_VERSION = 1;
				DEVELOPMENT_TEAM = 83Z22V6XMU;
				ENABLE_HARDENED_RUNTIME = YES;
				ENABLE_PREVIEWS = YES;
					GENERATE_INFOPLIST_FILE = YES;
					INFOPLIST_KEY_CFBundleDisplayName = "Mafia Party";
					INFOPLIST_KEY_NSHumanReadableCopyright = "";
				LD_RUNPATH_SEARCH_PATHS = (
					"$(inherited)",
					"@executable_path/../Frameworks",
				);
				MARKETING_VERSION = 1.0;
					PRODUCT_BUNDLE_IDENTIFIER = com.conner.yoon.mafiaparty;
					PRODUCT_NAME = MafiaParty;
				REGISTER_APP_GROUPS = YES;
				SWIFT_EMIT_LOC_STRINGS = YES;
				SWIFT_VERSION = 5.0;
			};
			name = Debug;
		};
		CA1CA5692DA1B73A00FDC172 /* Release */ = {
			isa = XCBuildConfiguration;
			buildSettings = {
				ASSETCATALOG_COMPILER_APPICON_NAME = AppIcon;
				ASSETCATALOG_COMPILER_GLOBAL_ACCENT_COLOR_NAME = AccentColor;
				CODE_SIGN_ENTITLEMENTS = DemoMafia/DemoMafia.entitlements;
				CODE_SIGN_STYLE = Automatic;
				COMBINE_HIDPI_IMAGES = YES;
				CURRENT_PROJECT_VERSION = 1;
				DEVELOPMENT_TEAM = 83Z22V6XMU;
				ENABLE_HARDENED_RUNTIME = YES;
				ENABLE_PREVIEWS = YES;
					GENERATE_INFOPLIST_FILE = YES;
					INFOPLIST_KEY_CFBundleDisplayName = "Mafia Party";
					INFOPLIST_KEY_NSHumanReadableCopyright = "";
				LD_RUNPATH_SEARCH_PATHS = (
					"$(inherited)",
					"@executable_path/../Frameworks",
				);
				MARKETING_VERSION = 1.0;
					PRODUCT_BUNDLE_IDENTIFIER = com.conner.yoon.mafiaparty;
					PRODUCT_NAME = MafiaParty;
				REGISTER_APP_GROUPS = YES;
				SWIFT_EMIT_LOC_STRINGS = YES;
				SWIFT_VERSION = 5.0;
			};
			name = Release;
		};
		CA1CA56B2DA1B73A00FDC172 /* Debug */ = {
			isa = XCBuildConfiguration;
			buildSettings = {
				BUNDLE_LOADER = "$(TEST_HOST)";
				CODE_SIGN_STYLE = Automatic;
				CURRENT_PROJECT_VERSION = 1;
				DEVELOPMENT_TEAM = 83Z22V6XMU;
				GENERATE_INFOPLIST_FILE = YES;
				MACOSX_DEPLOYMENT_TARGET = 15.3;
				MARKETING_VERSION = 1.0;
					PRODUCT_BUNDLE_IDENTIFIER = com.conner.yoon.mafiaparty.tests;
					PRODUCT_NAME = "$(TARGET_NAME)";
				SWIFT_EMIT_LOC_STRINGS = NO;
				SWIFT_VERSION = 5.0;
					TEST_HOST = "$(BUILT_PRODUCTS_DIR)/MafiaParty.app/$(BUNDLE_EXECUTABLE_FOLDER_PATH)/MafiaParty";
			};
			name = Debug;
		};
		CA1CA56C2DA1B73A00FDC172 /* Release */ = {
			isa = XCBuildConfiguration;
			buildSettings = {
				BUNDLE_LOADER = "$(TEST_HOST)";
				CODE_SIGN_STYLE = Automatic;
				CURRENT_PROJECT_VERSION = 1;
				DEVELOPMENT_TEAM = 83Z22V6XMU;
				GENERATE_INFOPLIST_FILE = YES;
				MACOSX_DEPLOYMENT_TARGET = 15.3;
				MARKETING_VERSION = 1.0;
					PRODUCT_BUNDLE_IDENTIFIER = com.conner.yoon.mafiaparty.tests;
					PRODUCT_NAME = "$(TARGET_NAME)";
				SWIFT_EMIT_LOC_STRINGS = NO;
				SWIFT_VERSION = 5.0;
					TEST_HOST = "$(BUILT_PRODUCTS_DIR)/MafiaParty.app/$(BUNDLE_EXECUTABLE_FOLDER_PATH)/MafiaParty";
			};
			name = Release;
		};
		CA1CA56E2DA1B73A00FDC172 /* Debug */ = {
			isa = XCBuildConfiguration;
			buildSettings = {
				CODE_SIGN_STYLE = Automatic;
				CURRENT_PROJECT_VERSION = 1;
				DEVELOPMENT_TEAM = 83Z22V6XMU;
				GENERATE_INFOPLIST_FILE = YES;
				MARKETING_VERSION = 1.0;
					PRODUCT_BUNDLE_IDENTIFIER = com.conner.yoon.mafiaparty.uitests;
					PRODUCT_NAME = "$(TARGET_NAME)";
				SWIFT_EMIT_LOC_STRINGS = NO;
				SWIFT_VERSION = 5.0;
					TEST_TARGET_NAME = MafiaParty;
			};
			name = Debug;
		};
		CA1CA56F2DA1B73A00FDC172 /* Release */ = {
			isa = XCBuildConfiguration;
			buildSettings = {
				CODE_SIGN_STYLE = Automatic;
				CURRENT_PROJECT_VERSION = 1;
				DEVELOPMENT_TEAM = 83Z22V6XMU;
				GENERATE_INFOPLIST_FILE = YES;
				MARKETING_VERSION = 1.0;
					PRODUCT_BUNDLE_IDENTIFIER = com.conner.yoon.mafiaparty.uitests;
					PRODUCT_NAME = "$(TARGET_NAME)";
				SWIFT_EMIT_LOC_STRINGS = NO;
				SWIFT_VERSION = 5.0;
					TEST_TARGET_NAME = MafiaParty;
			};
			name = Release;
		};
		CA92E5DF2F4A6A860010C8BF /* Debug */ = {
			isa = XCBuildConfiguration;
			buildSettings = {
				ASSETCATALOG_COMPILER_APPICON_NAME = AppIcon;
				ASSETCATALOG_COMPILER_GLOBAL_ACCENT_COLOR_NAME = AccentColor;
				CODE_SIGN_STYLE = Automatic;
				CURRENT_PROJECT_VERSION = 1;
					ENABLE_PREVIEWS = YES;
					GENERATE_INFOPLIST_FILE = YES;
					INFOPLIST_KEY_CFBundleDisplayName = "Mafia Party";
				"INFOPLIST_KEY_UIApplicationSceneManifest_Generation[sdk=iphoneos*]" = YES;
				"INFOPLIST_KEY_UIApplicationSceneManifest_Generation[sdk=iphonesimulator*]" = YES;
				"INFOPLIST_KEY_UIApplicationSupportsIndirectInputEvents[sdk=iphoneos*]" = YES;
				"INFOPLIST_KEY_UIApplicationSupportsIndirectInputEvents[sdk=iphonesimulator*]" = YES;
				INFOPLIST_KEY_ITSAppUsesNonExemptEncryption = NO;
				"INFOPLIST_KEY_UILaunchScreen_Generation[sdk=iphoneos*]" = YES;
				"INFOPLIST_KEY_UILaunchScreen_Generation[sdk=iphonesimulator*]" = YES;
				"INFOPLIST_KEY_UIStatusBarStyle[sdk=iphoneos*]" = UIStatusBarStyleDefault;
				"INFOPLIST_KEY_UIStatusBarStyle[sdk=iphonesimulator*]" = UIStatusBarStyleDefault;
				INFOPLIST_KEY_UISupportedInterfaceOrientations_iPad = "UIInterfaceOrientationPortrait UIInterfaceOrientationPortraitUpsideDown UIInterfaceOrientationLandscapeLeft UIInterfaceOrientationLandscapeRight";
				INFOPLIST_KEY_UISupportedInterfaceOrientations_iPhone = "UIInterfaceOrientationPortrait UIInterfaceOrientationLandscapeLeft UIInterfaceOrientationLandscapeRight";
				IPHONEOS_DEPLOYMENT_TARGET = 16.0;
				LD_RUNPATH_SEARCH_PATHS = "@executable_path/Frameworks";
				"LD_RUNPATH_SEARCH_PATHS[sdk=macosx*]" = "@executable_path/../Frameworks";
				MARKETING_VERSION = 1.0;
					PRODUCT_BUNDLE_IDENTIFIER = com.conner.yoon.mafiaparty.ios;
					PRODUCT_NAME = MafiaPartyiOS;
				REGISTER_APP_GROUPS = YES;
				SDKROOT = auto;
				STRING_CATALOG_GENERATE_SYMBOLS = YES;
				SUPPORTED_PLATFORMS = "iphoneos iphonesimulator";
				SWIFT_APPROACHABLE_CONCURRENCY = YES;
				SWIFT_DEFAULT_ACTOR_ISOLATION = MainActor;
				SWIFT_EMIT_LOC_STRINGS = YES;
				SWIFT_UPCOMING_FEATURE_MEMBER_IMPORT_VISIBILITY = YES;
				SWIFT_VERSION = 5.0;
				TARGETED_DEVICE_FAMILY = "1,2";
			};
			name = Debug;
		};
		CA92E5E02F4A6A860010C8BF /* Release */ = {
			isa = XCBuildConfiguration;
			buildSettings = {
				ASSETCATALOG_COMPILER_APPICON_NAME = AppIcon;
				ASSETCATALOG_COMPILER_GLOBAL_ACCENT_COLOR_NAME = AccentColor;
				CODE_SIGN_STYLE = Automatic;
				CURRENT_PROJECT_VERSION = 1;
					ENABLE_PREVIEWS = YES;
					GENERATE_INFOPLIST_FILE = YES;
					INFOPLIST_KEY_CFBundleDisplayName = "Mafia Party";
				"INFOPLIST_KEY_UIApplicationSceneManifest_Generation[sdk=iphoneos*]" = YES;
				"INFOPLIST_KEY_UIApplicationSceneManifest_Generation[sdk=iphonesimulator*]" = YES;
				"INFOPLIST_KEY_UIApplicationSupportsIndirectInputEvents[sdk=iphoneos*]" = YES;
				"INFOPLIST_KEY_UIApplicationSupportsIndirectInputEvents[sdk=iphonesimulator*]" = YES;
				INFOPLIST_KEY_ITSAppUsesNonExemptEncryption = NO;
				"INFOPLIST_KEY_UILaunchScreen_Generation[sdk=iphoneos*]" = YES;
				"INFOPLIST_KEY_UILaunchScreen_Generation[sdk=iphonesimulator*]" = YES;
				"INFOPLIST_KEY_UIStatusBarStyle[sdk=iphoneos*]" = UIStatusBarStyleDefault;
				"INFOPLIST_KEY_UIStatusBarStyle[sdk=iphonesimulator*]" = UIStatusBarStyleDefault;
				INFOPLIST_KEY_UISupportedInterfaceOrientations_iPad = "UIInterfaceOrientationPortrait UIInterfaceOrientationPortraitUpsideDown UIInterfaceOrientationLandscapeLeft UIInterfaceOrientationLandscapeRight";
				INFOPLIST_KEY_UISupportedInterfaceOrientations_iPhone = "UIInterfaceOrientationPortrait UIInterfaceOrientationLandscapeLeft UIInterfaceOrientationLandscapeRight";
				IPHONEOS_DEPLOYMENT_TARGET = 16.0;
				LD_RUNPATH_SEARCH_PATHS = "@executable_path/Frameworks";
				"LD_RUNPATH_SEARCH_PATHS[sdk=macosx*]" = "@executable_path/../Frameworks";
				MARKETING_VERSION = 1.0;
					PRODUCT_BUNDLE_IDENTIFIER = com.conner.yoon.mafiaparty.ios;
					PRODUCT_NAME = MafiaPartyiOS;
				REGISTER_APP_GROUPS = YES;
				SDKROOT = auto;
				STRING_CATALOG_GENERATE_SYMBOLS = YES;
				SUPPORTED_PLATFORMS = "iphoneos iphonesimulator";
				SWIFT_APPROACHABLE_CONCURRENCY = YES;
				SWIFT_DEFAULT_ACTOR_ISOLATION = MainActor;
				SWIFT_EMIT_LOC_STRINGS = YES;
				SWIFT_UPCOMING_FEATURE_MEMBER_IMPORT_VISIBILITY = YES;
				SWIFT_VERSION = 5.0;
				TARGETED_DEVICE_FAMILY = "1,2";
			};
			name = Release;
		};
		CA92E5E12F4A6A860010C8BF /* Debug */ = {
			isa = XCBuildConfiguration;
			buildSettings = {
				BUNDLE_LOADER = "$(TEST_HOST)";
				CODE_SIGN_STYLE = Automatic;
				CURRENT_PROJECT_VERSION = 1;
				GENERATE_INFOPLIST_FILE = YES;
				IPHONEOS_DEPLOYMENT_TARGET = 16.0;
				MARKETING_VERSION = 1.0;
					PRODUCT_BUNDLE_IDENTIFIER = com.conner.yoon.mafiaparty.ios.tests;
					PRODUCT_NAME = "$(TARGET_NAME)";
				SDKROOT = auto;
				STRING_CATALOG_GENERATE_SYMBOLS = NO;
				SUPPORTED_PLATFORMS = "iphoneos iphonesimulator";
				SWIFT_APPROACHABLE_CONCURRENCY = YES;
				SWIFT_EMIT_LOC_STRINGS = NO;
				SWIFT_UPCOMING_FEATURE_MEMBER_IMPORT_VISIBILITY = YES;
				SWIFT_VERSION = 5.0;
				TARGETED_DEVICE_FAMILY = "1,2";
					TEST_HOST = "$(BUILT_PRODUCTS_DIR)/MafiaPartyiOS.app/$(BUNDLE_EXECUTABLE_FOLDER_PATH)/MafiaPartyiOS";
			};
			name = Debug;
		};
		CA92E5E22F4A6A860010C8BF /* Release */ = {
			isa = XCBuildConfiguration;
			buildSettings = {
				BUNDLE_LOADER = "$(TEST_HOST)";
				CODE_SIGN_STYLE = Automatic;
				CURRENT_PROJECT_VERSION = 1;
				GENERATE_INFOPLIST_FILE = YES;
				IPHONEOS_DEPLOYMENT_TARGET = 16.0;
				MARKETING_VERSION = 1.0;
					PRODUCT_BUNDLE_IDENTIFIER = com.conner.yoon.mafiaparty.ios.tests;
					PRODUCT_NAME = "$(TARGET_NAME)";
				SDKROOT = auto;
				STRING_CATALOG_GENERATE_SYMBOLS = NO;
				SUPPORTED_PLATFORMS = "iphoneos iphonesimulator";
				SWIFT_APPROACHABLE_CONCURRENCY = YES;
				SWIFT_EMIT_LOC_STRINGS = NO;
				SWIFT_UPCOMING_FEATURE_MEMBER_IMPORT_VISIBILITY = YES;
				SWIFT_VERSION = 5.0;
				TARGETED_DEVICE_FAMILY = "1,2";
					TEST_HOST = "$(BUILT_PRODUCTS_DIR)/MafiaPartyiOS.app/$(BUNDLE_EXECUTABLE_FOLDER_PATH)/MafiaPartyiOS";
			};
			name = Release;
		};
		CA92E5E32F4A6A860010C8BF /* Debug */ = {
			isa = XCBuildConfiguration;
			buildSettings = {
				CODE_SIGN_STYLE = Automatic;
				CURRENT_PROJECT_VERSION = 1;
				GENERATE_INFOPLIST_FILE = YES;
				IPHONEOS_DEPLOYMENT_TARGET = 16.0;
				MARKETING_VERSION = 1.0;
					PRODUCT_BUNDLE_IDENTIFIER = com.conner.yoon.mafiaparty.ios.uitests;
					PRODUCT_NAME = "$(TARGET_NAME)";
				SDKROOT = auto;
				STRING_CATALOG_GENERATE_SYMBOLS = NO;
				SUPPORTED_PLATFORMS = "iphoneos iphonesimulator";
				SWIFT_APPROACHABLE_CONCURRENCY = YES;
				SWIFT_EMIT_LOC_STRINGS = NO;
				SWIFT_UPCOMING_FEATURE_MEMBER_IMPORT_VISIBILITY = YES;
				SWIFT_VERSION = 5.0;
				TARGETED_DEVICE_FAMILY = "1,2";
					TEST_TARGET_NAME = MafiaPartyiOS;
			};
			name = Debug;
		};
		CA92E5E42F4A6A860010C8BF /* Release */ = {
			isa = XCBuildConfiguration;
			buildSettings = {
				CODE_SIGN_STYLE = Automatic;
				CURRENT_PROJECT_VERSION = 1;
				GENERATE_INFOPLIST_FILE = YES;
				IPHONEOS_DEPLOYMENT_TARGET = 16.0;
				MARKETING_VERSION = 1.0;
					PRODUCT_BUNDLE_IDENTIFIER = com.conner.yoon.mafiaparty.ios.uitests;
					PRODUCT_NAME = "$(TARGET_NAME)";
				SDKROOT = auto;
				STRING_CATALOG_GENERATE_SYMBOLS = NO;
				SUPPORTED_PLATFORMS = "iphoneos iphonesimulator";
				SWIFT_APPROACHABLE_CONCURRENCY = YES;
				SWIFT_EMIT_LOC_STRINGS = NO;
				SWIFT_UPCOMING_FEATURE_MEMBER_IMPORT_VISIBILITY = YES;
				SWIFT_VERSION = 5.0;
				TARGETED_DEVICE_FAMILY = "1,2";
					TEST_TARGET_NAME = MafiaPartyiOS;
			};
			name = Release;
		};
/* End XCBuildConfiguration section */

/* Begin XCConfigurationList section */
		CA1CA5402DA1B73800FDC172 /* Build configuration list for PBXProject "DemoMafia" */ = {
			isa = XCConfigurationList;
			buildConfigurations = (
				CA1CA5652DA1B73A00FDC172 /* Debug */,
				CA1CA5662DA1B73A00FDC172 /* Release */,
			);
			defaultConfigurationIsVisible = 0;
			defaultConfigurationName = Release;
		};
		CA1CA5672DA1B73A00FDC172 /* Build configuration list for PBXNativeTarget "DemoMafia" */ = {
			isa = XCConfigurationList;
			buildConfigurations = (
				CA1CA5682DA1B73A00FDC172 /* Debug */,
				CA1CA5692DA1B73A00FDC172 /* Release */,
			);
			defaultConfigurationIsVisible = 0;
			defaultConfigurationName = Release;
		};
		CA1CA56A2DA1B73A00FDC172 /* Build configuration list for PBXNativeTarget "DemoMafiaTests" */ = {
			isa = XCConfigurationList;
			buildConfigurations = (
				CA1CA56B2DA1B73A00FDC172 /* Debug */,
				CA1CA56C2DA1B73A00FDC172 /* Release */,
			);
			defaultConfigurationIsVisible = 0;
			defaultConfigurationName = Release;
		};
		CA1CA56D2DA1B73A00FDC172 /* Build configuration list for PBXNativeTarget "DemoMafiaUITests" */ = {
			isa = XCConfigurationList;
			buildConfigurations = (
				CA1CA56E2DA1B73A00FDC172 /* Debug */,
				CA1CA56F2DA1B73A00FDC172 /* Release */,
			);
			defaultConfigurationIsVisible = 0;
			defaultConfigurationName = Release;
		};
		CA92E5E62F4A6A860010C8BF /* Build configuration list for PBXNativeTarget "Conners Mafia IOS" */ = {
			isa = XCConfigurationList;
			buildConfigurations = (
				CA92E5DF2F4A6A860010C8BF /* Debug */,
				CA92E5E02F4A6A860010C8BF /* Release */,
			);
			defaultConfigurationIsVisible = 0;
			defaultConfigurationName = Release;
		};
		CA92E5E72F4A6A860010C8BF /* Build configuration list for PBXNativeTarget "Conners Mafia IOSTests" */ = {
			isa = XCConfigurationList;
			buildConfigurations = (
				CA92E5E12F4A6A860010C8BF /* Debug */,
				CA92E5E22F4A6A860010C8BF /* Release */,
			);
			defaultConfigurationIsVisible = 0;
			defaultConfigurationName = Release;
		};
		CA92E5E82F4A6A860010C8BF /* Build configuration list for PBXNativeTarget "Conners Mafia IOSUITests" */ = {
			isa = XCConfigurationList;
			buildConfigurations = (
				CA92E5E32F4A6A860010C8BF /* Debug */,
				CA92E5E42F4A6A860010C8BF /* Release */,
			);
			defaultConfigurationIsVisible = 0;
			defaultConfigurationName = Release;
		};
/* End XCConfigurationList section */
	};
	rootObject = CA1CA53D2DA1B73800FDC172 /* Project object */;
}
